
Microsoft Visual Studio Solution File, Format Version 12.00
# Visual Studio Version 17
VisualStudioVersion = 17.0.31903.59
MinimumVisualStudioVersion = 10.0.40219.1
Project("{FAE04EC0-301F-11D3-BF4B-00C04F79EFBC}") = "ELKA.PowerThrottleControl", "ELKA.PowerThrottleControl\ELKA.PowerThrottleControl.csproj", "{C92D0694-4844-41C4-B218-8CAB18A6649C}"
EndProject
Global
	GlobalSection(SolutionConfigurationPlatforms) = preSolution
		Debug|Any CPU = Debug|Any CPU
		Debug|x64 = Debug|x64
		Debug|x86 = Debug|x86
		Release|Any CPU = Release|Any CPU
		Release|x64 = Release|x64
		Release|x86 = Release|x86
	EndGlobalSection
	GlobalSection(ProjectConfigurationPlatforms) = postSolution
		{C92D0694-4844-41C4-B218-8CAB18A6649C}.Debug|Any CPU.ActiveCfg = Debug|Any CPU
		{C92D0694-4844-41C4-B218-8CAB18A6649C}.Debug|Any CPU.Build.0 = Debug|Any CPU
		{C92D0694-4844-41C4-B218-8CAB18A6649C}.Debug|x64.ActiveCfg = Debug|Any CPU
		{C92D0694-4844-41C4-B218-8CAB18A6649C}.Debug|x64.Build.0 = Debug|Any CPU
		{C92D0694-4844-41C4-B218-8CAB18A6649C}.Debug|x86.ActiveCfg = Debug|Any CPU
		{C92D0694-4844-41C4-B218-8CAB18A6649C}.Debug|x86.Build.0 = Debug|Any CPU
		{C92D0694-4844-41C4-B218-8CAB18A6649C}.Release|Any CPU.ActiveCfg = Release|Any CPU
		{C92D0694-4844-41C4-B218-8CAB18A6649C}.Release|Any CPU.Build.0 = Release|Any CPU
		{C92D0694-4844-41C4-B218-8CAB18A6649C}.Release|x64.ActiveCfg = Release|Any CPU
		{C92D0694-4844-41C4-B218-8CAB18A6649C}.Release|x64.Build.0 = Release|Any CPU
		{C92D0694-4844-41C4-B218-8CAB18A6649C}.Release|x86.ActiveCfg = Release|Any CPU
		{C92D0694-4844-41C4-B218-8CAB18A6649C}.Release|x86.Build.0 = Release|Any CPU
	EndGlobalSection
	GlobalSection(SolutionProperties) = preSolution
		HideSolutionNode = FALSE
	EndGlobalSection
EndGlobal

